
Microsoft Visual Studio Solution File, Format Version 12.00
# Visual Studio Version 17
VisualStudioVersion = 17.7.34009.444
MinimumVisualStudioVersion = 10.0.40219.1
Project("{FAE04EC0-301F-11D3-BF4B-00C04F79EFBC}") = "SupercarPulse", "SupercarPulse\SupercarPulse.csproj", "{C56EEB8F-66C9-4264-8C51-750F5672F95A}"
EndProject
Global
	GlobalSection(SolutionConfigurationPlatforms) = preSolution
		Debug|Any CPU = Debug|Any CPU
		Release|Any CPU = Release|Any CPU
	EndGlobalSection
	GlobalSection(ProjectConfigurationPlatforms) = postSolution
		{C56EEB8F-66C9-4264-8C51-750F5672F95A}.Debug|Any CPU.ActiveCfg = Debug|Any CPU
		{C56EEB8F-66C9-4264-8C51-750F5672F95A}.Debug|Any CPU.Build.0 = Debug|Any CPU
		{C56EEB8F-66C9-4264-8C51-750F5672F95A}.Release|Any CPU.ActiveCfg = Release|Any CPU
		{C56EEB8F-66C9-4264-8C51-750F5672F95A}.Release|Any CPU.Build.0 = Release|Any CPU
	EndGlobalSection
	GlobalSection(SolutionProperties) = preSolution
		HideSolutionNode = FALSE
	EndGlobalSection
	GlobalSection(ExtensibilityGlobals) = postSolution
		SolutionGuid = {98F82E27-A31A-4243-A102-12AAD80B0265}
	EndGlobalSection
EndGlobal
